
Microsoft Visual Studio Solution File, Format Version 12.00
# Visual Studio Version 16
VisualStudioVersion = 16.0.29709.97
MinimumVisualStudioVersion = 10.0.40219.1
Project("{9A19103F-16F7-4668-BE54-9A1E7A4F7556}") = "exercise_28", "exercise_28.csproj", "{4AAE7426-6019-4A34-9E43-0DBFB7293C42}"
EndProject
Global
	GlobalSection(SolutionConfigurationPlatforms) = preSolution
		Debug|Any CPU = Debug|Any CPU
		Release|Any CPU = Release|Any CPU
	EndGlobalSection
	GlobalSection(ProjectConfigurationPlatforms) = postSolution
		{4AAE7426-6019-4A34-9E43-0DBFB7293C42}.Debug|Any CPU.ActiveCfg = Debug|Any CPU
		{4AAE7426-6019-4A34-9E43-0DBFB7293C42}.Debug|Any CPU.Build.0 = Debug|Any CPU
		{4AAE7426-6019-4A34-9E43-0DBFB7293C42}.Release|Any CPU.ActiveCfg = Release|Any CPU
		{4AAE7426-6019-4A34-9E43-0DBFB7293C42}.Release|Any CPU.Build.0 = Release|Any CPU
	EndGlobalSection
	GlobalSection(SolutionProperties) = preSolution
		HideSolutionNode = FALSE
	EndGlobalSection
	GlobalSection(ExtensibilityGlobals) = postSolution
		SolutionGuid = {343666EF-983A-4650-8360-E9DE9F147650}
	EndGlobalSection
EndGlobal
