
Microsoft Visual Studio Solution File, Format Version 12.00
# Visual Studio Version 16
VisualStudioVersion = 16.0.29728.190
MinimumVisualStudioVersion = 10.0.40219.1
Project("{9A19103F-16F7-4668-BE54-9A1E7A4F7556}") = "exercise_69", "exercise_69.csproj", "{55AE587E-74C9-4C02-957F-A9D92ECDF3D9}"
EndProject
Global
	GlobalSection(SolutionConfigurationPlatforms) = preSolution
		Debug|Any CPU = Debug|Any CPU
		Release|Any CPU = Release|Any CPU
	EndGlobalSection
	GlobalSection(ProjectConfigurationPlatforms) = postSolution
		{55AE587E-74C9-4C02-957F-A9D92ECDF3D9}.Debug|Any CPU.ActiveCfg = Debug|Any CPU
		{55AE587E-74C9-4C02-957F-A9D92ECDF3D9}.Debug|Any CPU.Build.0 = Debug|Any CPU
		{55AE587E-74C9-4C02-957F-A9D92ECDF3D9}.Release|Any CPU.ActiveCfg = Release|Any CPU
		{55AE587E-74C9-4C02-957F-A9D92ECDF3D9}.Release|Any CPU.Build.0 = Release|Any CPU
	EndGlobalSection
	GlobalSection(SolutionProperties) = preSolution
		HideSolutionNode = FALSE
	EndGlobalSection
	GlobalSection(ExtensibilityGlobals) = postSolution
		SolutionGuid = {0FDF90B9-8E7F-418B-991B-38155995B4AF}
	EndGlobalSection
EndGlobal
