
Microsoft Visual Studio Solution File, Format Version 12.00
# Visual Studio Version 16
VisualStudioVersion = 16.0.29709.97
MinimumVisualStudioVersion = 10.0.40219.1
Project("{9A19103F-16F7-4668-BE54-9A1E7A4F7556}") = "exercise_42", "exercise_42.csproj", "{7340493D-CFAE-4314-B6BE-4BE6E0A25ED4}"
EndProject
Global
	GlobalSection(SolutionConfigurationPlatforms) = preSolution
		Debug|Any CPU = Debug|Any CPU
		Release|Any CPU = Release|Any CPU
	EndGlobalSection
	GlobalSection(ProjectConfigurationPlatforms) = postSolution
		{7340493D-CFAE-4314-B6BE-4BE6E0A25ED4}.Debug|Any CPU.ActiveCfg = Debug|Any CPU
		{7340493D-CFAE-4314-B6BE-4BE6E0A25ED4}.Debug|Any CPU.Build.0 = Debug|Any CPU
		{7340493D-CFAE-4314-B6BE-4BE6E0A25ED4}.Release|Any CPU.ActiveCfg = Release|Any CPU
		{7340493D-CFAE-4314-B6BE-4BE6E0A25ED4}.Release|Any CPU.Build.0 = Release|Any CPU
	EndGlobalSection
	GlobalSection(SolutionProperties) = preSolution
		HideSolutionNode = FALSE
	EndGlobalSection
	GlobalSection(ExtensibilityGlobals) = postSolution
		SolutionGuid = {E40C35AD-31C6-4088-BAD4-894BED34A693}
	EndGlobalSection
EndGlobal
