
Microsoft Visual Studio Solution File, Format Version 12.00
# Visual Studio Version 16
VisualStudioVersion = 16.0.29709.97
MinimumVisualStudioVersion = 10.0.40219.1
Project("{9A19103F-16F7-4668-BE54-9A1E7A4F7556}") = "exercise_50", "exercise_50.csproj", "{D70EF55D-4106-4EE1-9D72-E282E71026DC}"
EndProject
Global
	GlobalSection(SolutionConfigurationPlatforms) = preSolution
		Debug|Any CPU = Debug|Any CPU
		Release|Any CPU = Release|Any CPU
	EndGlobalSection
	GlobalSection(ProjectConfigurationPlatforms) = postSolution
		{D70EF55D-4106-4EE1-9D72-E282E71026DC}.Debug|Any CPU.ActiveCfg = Debug|Any CPU
		{D70EF55D-4106-4EE1-9D72-E282E71026DC}.Debug|Any CPU.Build.0 = Debug|Any CPU
		{D70EF55D-4106-4EE1-9D72-E282E71026DC}.Release|Any CPU.ActiveCfg = Release|Any CPU
		{D70EF55D-4106-4EE1-9D72-E282E71026DC}.Release|Any CPU.Build.0 = Release|Any CPU
	EndGlobalSection
	GlobalSection(SolutionProperties) = preSolution
		HideSolutionNode = FALSE
	EndGlobalSection
	GlobalSection(ExtensibilityGlobals) = postSolution
		SolutionGuid = {CC518D1E-108D-4F46-A7E0-AEB8EFD8CBB6}
	EndGlobalSection
EndGlobal
