
Microsoft Visual Studio Solution File, Format Version 12.00
# Visual Studio Version 16
VisualStudioVersion = 16.0.29728.190
MinimumVisualStudioVersion = 10.0.40219.1
Project("{9A19103F-16F7-4668-BE54-9A1E7A4F7556}") = "exercise_54", "exercise_54.csproj", "{76414168-CA11-4C62-B3DF-237801F52188}"
EndProject
Global
	GlobalSection(SolutionConfigurationPlatforms) = preSolution
		Debug|Any CPU = Debug|Any CPU
		Release|Any CPU = Release|Any CPU
	EndGlobalSection
	GlobalSection(ProjectConfigurationPlatforms) = postSolution
		{76414168-CA11-4C62-B3DF-237801F52188}.Debug|Any CPU.ActiveCfg = Debug|Any CPU
		{76414168-CA11-4C62-B3DF-237801F52188}.Debug|Any CPU.Build.0 = Debug|Any CPU
		{76414168-CA11-4C62-B3DF-237801F52188}.Release|Any CPU.ActiveCfg = Release|Any CPU
		{76414168-CA11-4C62-B3DF-237801F52188}.Release|Any CPU.Build.0 = Release|Any CPU
	EndGlobalSection
	GlobalSection(SolutionProperties) = preSolution
		HideSolutionNode = FALSE
	EndGlobalSection
	GlobalSection(ExtensibilityGlobals) = postSolution
		SolutionGuid = {AB502C88-A1B4-42B0-9018-2F2CE03C97EE}
	EndGlobalSection
EndGlobal
