
Microsoft Visual Studio Solution File, Format Version 12.00
# Visual Studio Version 16
VisualStudioVersion = 16.0.29709.97
MinimumVisualStudioVersion = 10.0.40219.1
Project("{9A19103F-16F7-4668-BE54-9A1E7A4F7556}") = "exercise_44", "exercise_44.csproj", "{D71BF157-624C-43D0-825D-47E0AFAC97B8}"
EndProject
Global
	GlobalSection(SolutionConfigurationPlatforms) = preSolution
		Debug|Any CPU = Debug|Any CPU
		Release|Any CPU = Release|Any CPU
	EndGlobalSection
	GlobalSection(ProjectConfigurationPlatforms) = postSolution
		{D71BF157-624C-43D0-825D-47E0AFAC97B8}.Debug|Any CPU.ActiveCfg = Debug|Any CPU
		{D71BF157-624C-43D0-825D-47E0AFAC97B8}.Debug|Any CPU.Build.0 = Debug|Any CPU
		{D71BF157-624C-43D0-825D-47E0AFAC97B8}.Release|Any CPU.ActiveCfg = Release|Any CPU
		{D71BF157-624C-43D0-825D-47E0AFAC97B8}.Release|Any CPU.Build.0 = Release|Any CPU
	EndGlobalSection
	GlobalSection(SolutionProperties) = preSolution
		HideSolutionNode = FALSE
	EndGlobalSection
	GlobalSection(ExtensibilityGlobals) = postSolution
		SolutionGuid = {96A438C3-3B3F-430F-8872-379CAAB2F1ED}
	EndGlobalSection
EndGlobal
