
Microsoft Visual Studio Solution File, Format Version 12.00
# Visual Studio Version 16
VisualStudioVersion = 16.0.29709.97
MinimumVisualStudioVersion = 10.0.40219.1
Project("{9A19103F-16F7-4668-BE54-9A1E7A4F7556}") = "exercise_29", "exercise_29.csproj", "{4C4CC208-9FAD-48E6-B710-75E4004A3D0D}"
EndProject
Global
	GlobalSection(SolutionConfigurationPlatforms) = preSolution
		Debug|Any CPU = Debug|Any CPU
		Release|Any CPU = Release|Any CPU
	EndGlobalSection
	GlobalSection(ProjectConfigurationPlatforms) = postSolution
		{4C4CC208-9FAD-48E6-B710-75E4004A3D0D}.Debug|Any CPU.ActiveCfg = Debug|Any CPU
		{4C4CC208-9FAD-48E6-B710-75E4004A3D0D}.Debug|Any CPU.Build.0 = Debug|Any CPU
		{4C4CC208-9FAD-48E6-B710-75E4004A3D0D}.Release|Any CPU.ActiveCfg = Release|Any CPU
		{4C4CC208-9FAD-48E6-B710-75E4004A3D0D}.Release|Any CPU.Build.0 = Release|Any CPU
	EndGlobalSection
	GlobalSection(SolutionProperties) = preSolution
		HideSolutionNode = FALSE
	EndGlobalSection
	GlobalSection(ExtensibilityGlobals) = postSolution
		SolutionGuid = {58F1A8CE-9FF2-460F-867E-23231EF0E00A}
	EndGlobalSection
EndGlobal
