
Microsoft Visual Studio Solution File, Format Version 12.00
# Visual Studio Version 16
VisualStudioVersion = 16.0.29709.97
MinimumVisualStudioVersion = 10.0.40219.1
Project("{9A19103F-16F7-4668-BE54-9A1E7A4F7556}") = "exercise_24", "exercise_24.csproj", "{97059F9D-A3DD-48D5-94D8-953F0FF045A5}"
EndProject
Global
	GlobalSection(SolutionConfigurationPlatforms) = preSolution
		Debug|Any CPU = Debug|Any CPU
		Release|Any CPU = Release|Any CPU
	EndGlobalSection
	GlobalSection(ProjectConfigurationPlatforms) = postSolution
		{97059F9D-A3DD-48D5-94D8-953F0FF045A5}.Debug|Any CPU.ActiveCfg = Debug|Any CPU
		{97059F9D-A3DD-48D5-94D8-953F0FF045A5}.Debug|Any CPU.Build.0 = Debug|Any CPU
		{97059F9D-A3DD-48D5-94D8-953F0FF045A5}.Release|Any CPU.ActiveCfg = Release|Any CPU
		{97059F9D-A3DD-48D5-94D8-953F0FF045A5}.Release|Any CPU.Build.0 = Release|Any CPU
	EndGlobalSection
	GlobalSection(SolutionProperties) = preSolution
		HideSolutionNode = FALSE
	EndGlobalSection
	GlobalSection(ExtensibilityGlobals) = postSolution
		SolutionGuid = {5C55AC9F-F363-40D7-9ED3-D4ABFBC1BB0B}
	EndGlobalSection
EndGlobal
