
Microsoft Visual Studio Solution File, Format Version 12.00
# Visual Studio Version 16
VisualStudioVersion = 16.0.29709.97
MinimumVisualStudioVersion = 10.0.40219.1
Project("{9A19103F-16F7-4668-BE54-9A1E7A4F7556}") = "exercise_40", "exercise_40.csproj", "{7C42E80B-4A31-47B2-9E05-33E0DDC996BA}"
EndProject
Global
	GlobalSection(SolutionConfigurationPlatforms) = preSolution
		Debug|Any CPU = Debug|Any CPU
		Release|Any CPU = Release|Any CPU
	EndGlobalSection
	GlobalSection(ProjectConfigurationPlatforms) = postSolution
		{7C42E80B-4A31-47B2-9E05-33E0DDC996BA}.Debug|Any CPU.ActiveCfg = Debug|Any CPU
		{7C42E80B-4A31-47B2-9E05-33E0DDC996BA}.Debug|Any CPU.Build.0 = Debug|Any CPU
		{7C42E80B-4A31-47B2-9E05-33E0DDC996BA}.Release|Any CPU.ActiveCfg = Release|Any CPU
		{7C42E80B-4A31-47B2-9E05-33E0DDC996BA}.Release|Any CPU.Build.0 = Release|Any CPU
	EndGlobalSection
	GlobalSection(SolutionProperties) = preSolution
		HideSolutionNode = FALSE
	EndGlobalSection
	GlobalSection(ExtensibilityGlobals) = postSolution
		SolutionGuid = {3FFC2B85-B60A-43E6-B04D-8C386D0B708E}
	EndGlobalSection
EndGlobal
