
Microsoft Visual Studio Solution File, Format Version 12.00
# Visual Studio Version 16
VisualStudioVersion = 16.0.29709.97
MinimumVisualStudioVersion = 10.0.40219.1
Project("{9A19103F-16F7-4668-BE54-9A1E7A4F7556}") = "exercise_39", "exercise_39.csproj", "{90966EBD-BDAC-4EC2-9E14-15BB859B2E1E}"
EndProject
Global
	GlobalSection(SolutionConfigurationPlatforms) = preSolution
		Debug|Any CPU = Debug|Any CPU
		Release|Any CPU = Release|Any CPU
	EndGlobalSection
	GlobalSection(ProjectConfigurationPlatforms) = postSolution
		{90966EBD-BDAC-4EC2-9E14-15BB859B2E1E}.Debug|Any CPU.ActiveCfg = Debug|Any CPU
		{90966EBD-BDAC-4EC2-9E14-15BB859B2E1E}.Debug|Any CPU.Build.0 = Debug|Any CPU
		{90966EBD-BDAC-4EC2-9E14-15BB859B2E1E}.Release|Any CPU.ActiveCfg = Release|Any CPU
		{90966EBD-BDAC-4EC2-9E14-15BB859B2E1E}.Release|Any CPU.Build.0 = Release|Any CPU
	EndGlobalSection
	GlobalSection(SolutionProperties) = preSolution
		HideSolutionNode = FALSE
	EndGlobalSection
	GlobalSection(ExtensibilityGlobals) = postSolution
		SolutionGuid = {1E5CAAA5-B25F-40C7-8A09-FB8F282EC5B6}
	EndGlobalSection
EndGlobal
