
Microsoft Visual Studio Solution File, Format Version 12.00
# Visual Studio Version 16
VisualStudioVersion = 16.0.29709.97
MinimumVisualStudioVersion = 10.0.40219.1
Project("{9A19103F-16F7-4668-BE54-9A1E7A4F7556}") = "exercise_43", "exercise_43.csproj", "{4BF6CFCF-89E1-4F74-8E04-CA260361D4AA}"
EndProject
Global
	GlobalSection(SolutionConfigurationPlatforms) = preSolution
		Debug|Any CPU = Debug|Any CPU
		Release|Any CPU = Release|Any CPU
	EndGlobalSection
	GlobalSection(ProjectConfigurationPlatforms) = postSolution
		{4BF6CFCF-89E1-4F74-8E04-CA260361D4AA}.Debug|Any CPU.ActiveCfg = Debug|Any CPU
		{4BF6CFCF-89E1-4F74-8E04-CA260361D4AA}.Debug|Any CPU.Build.0 = Debug|Any CPU
		{4BF6CFCF-89E1-4F74-8E04-CA260361D4AA}.Release|Any CPU.ActiveCfg = Release|Any CPU
		{4BF6CFCF-89E1-4F74-8E04-CA260361D4AA}.Release|Any CPU.Build.0 = Release|Any CPU
	EndGlobalSection
	GlobalSection(SolutionProperties) = preSolution
		HideSolutionNode = FALSE
	EndGlobalSection
	GlobalSection(ExtensibilityGlobals) = postSolution
		SolutionGuid = {B7756E0A-C9ED-4F99-89B7-9F7BA5F0C962}
	EndGlobalSection
EndGlobal
